
Microsoft Visual Studio Solution File, Format Version 12.00
# Visual Studio Version 16
VisualStudioVersion = 16.0.810.9
MinimumVisualStudioVersion = 10.0.40219.1
Project("{FAE04EC0-301F-11D3-BF4B-00C04F79EFBC}") = "WebMvc1", "WebMvc1\WebMvc1.csproj", "{72C971C7-950A-4B0D-8938-E0B5C37E14A2}"
EndProject
Global
	GlobalSection(SolutionConfigurationPlatforms) = preSolution
		Debug|Any CPU = Debug|Any CPU
		Release|Any CPU = Release|Any CPU
	EndGlobalSection
	GlobalSection(ProjectConfigurationPlatforms) = postSolution
		{72C971C7-950A-4B0D-8938-E0B5C37E14A2}.Debug|Any CPU.ActiveCfg = Debug|Any CPU
		{72C971C7-950A-4B0D-8938-E0B5C37E14A2}.Debug|Any CPU.Build.0 = Debug|Any CPU
		{72C971C7-950A-4B0D-8938-E0B5C37E14A2}.Release|Any CPU.ActiveCfg = Release|Any CPU
		{72C971C7-950A-4B0D-8938-E0B5C37E14A2}.Release|Any CPU.Build.0 = Release|Any CPU
	EndGlobalSection
	GlobalSection(SolutionProperties) = preSolution
		HideSolutionNode = FALSE
	EndGlobalSection
	GlobalSection(ExtensibilityGlobals) = postSolution
		SolutionGuid = {2B4A3D43-7563-4933-9248-7AB9832989E6}
	EndGlobalSection
EndGlobal
